
Microsoft Visual Studio Solution File, Format Version 12.00
# Visual Studio Version 17
VisualStudioVersion = 17.3.32811.315
MinimumVisualStudioVersion = 10.0.40219.1
Project("{FAE04EC0-301F-11D3-BF4B-00C04F79EFBC}") = "APIProdutoConsumo", "APIProdutoConsumo\APIProdutoConsumo.csproj", "{C888C522-23EF-4485-97C3-6367CB97130F}"
EndProject
Global
	GlobalSection(SolutionConfigurationPlatforms) = preSolution
		Debug|Any CPU = Debug|Any CPU
		Release|Any CPU = Release|Any CPU
	EndGlobalSection
	GlobalSection(ProjectConfigurationPlatforms) = postSolution
		{C888C522-23EF-4485-97C3-6367CB97130F}.Debug|Any CPU.ActiveCfg = Debug|Any CPU
		{C888C522-23EF-4485-97C3-6367CB97130F}.Debug|Any CPU.Build.0 = Debug|Any CPU
		{C888C522-23EF-4485-97C3-6367CB97130F}.Release|Any CPU.ActiveCfg = Release|Any CPU
		{C888C522-23EF-4485-97C3-6367CB97130F}.Release|Any CPU.Build.0 = Release|Any CPU
	EndGlobalSection
	GlobalSection(SolutionProperties) = preSolution
		HideSolutionNode = FALSE
	EndGlobalSection
	GlobalSection(ExtensibilityGlobals) = postSolution
		SolutionGuid = {C3ECE3D1-AA47-48A6-B375-04CE9C5B4B45}
	EndGlobalSection
EndGlobal
